
Microsoft Visual Studio Solution File, Format Version 12.00
# Visual Studio Version 17
VisualStudioVersion = 17.5.002.0
MinimumVisualStudioVersion = 10.0.40219.1
Project("{9A19103F-16F7-4668-BE54-9A1E7A4F7556}") = "API_FESTAJUNINA", "API_FESTAJUNINA.csproj", "{CD1DA82A-7825-4D88-A12D-2055040C4D93}"
EndProject
Global
	GlobalSection(SolutionConfigurationPlatforms) = preSolution
		Debug|Any CPU = Debug|Any CPU
		Release|Any CPU = Release|Any CPU
	EndGlobalSection
	GlobalSection(ProjectConfigurationPlatforms) = postSolution
		{CD1DA82A-7825-4D88-A12D-2055040C4D93}.Debug|Any CPU.ActiveCfg = Debug|Any CPU
		{CD1DA82A-7825-4D88-A12D-2055040C4D93}.Debug|Any CPU.Build.0 = Debug|Any CPU
		{CD1DA82A-7825-4D88-A12D-2055040C4D93}.Release|Any CPU.ActiveCfg = Release|Any CPU
		{CD1DA82A-7825-4D88-A12D-2055040C4D93}.Release|Any CPU.Build.0 = Release|Any CPU
	EndGlobalSection
	GlobalSection(SolutionProperties) = preSolution
		HideSolutionNode = FALSE
	EndGlobalSection
	GlobalSection(ExtensibilityGlobals) = postSolution
		SolutionGuid = {3B9A20B5-2DA3-4B51-8E5C-D075E7883985}
	EndGlobalSection
EndGlobal
