
Microsoft Visual Studio Solution File, Format Version 12.00
# Visual Studio Version 17
VisualStudioVersion = 17.5.002.0
MinimumVisualStudioVersion = 10.0.40219.1
Project("{9A19103F-16F7-4668-BE54-9A1E7A4F7556}") = "API_FESTAJUNINA", "API_FESTAJUNINA.csproj", "{0AD005BD-3E63-4211-A6B4-0ECC9AE9492B}"
EndProject
Global
	GlobalSection(SolutionConfigurationPlatforms) = preSolution
		Debug|Any CPU = Debug|Any CPU
		Release|Any CPU = Release|Any CPU
	EndGlobalSection
	GlobalSection(ProjectConfigurationPlatforms) = postSolution
		{0AD005BD-3E63-4211-A6B4-0ECC9AE9492B}.Debug|Any CPU.ActiveCfg = Debug|Any CPU
		{0AD005BD-3E63-4211-A6B4-0ECC9AE9492B}.Debug|Any CPU.Build.0 = Debug|Any CPU
		{0AD005BD-3E63-4211-A6B4-0ECC9AE9492B}.Release|Any CPU.ActiveCfg = Release|Any CPU
		{0AD005BD-3E63-4211-A6B4-0ECC9AE9492B}.Release|Any CPU.Build.0 = Release|Any CPU
	EndGlobalSection
	GlobalSection(SolutionProperties) = preSolution
		HideSolutionNode = FALSE
	EndGlobalSection
	GlobalSection(ExtensibilityGlobals) = postSolution
		SolutionGuid = {3912F1FD-7E97-4136-9DC7-D3AD04FFBCF5}
	EndGlobalSection
EndGlobal
